// !$*UTF8*$!
{
	archiveVersion = 1;
	classes = {
	};
	objectVersion = 48;
	objects = {

/* Begin PBXBuildFile section */
		15837BA7613D3710F5172D84 /* Pods_serverchatUITests.framework in Frameworks */ = {isa = PBXBuildFile; fileRef = 298AAF8C45748D7F10552FF1 /* Pods_serverchatUITests.framework */; };
		72AF9AFC456EC10797676AA5 /* Pods_serverchat.framework in Frameworks */ = {isa = PBXBuildFile; fileRef = FB95A1818F765A179FBD57FC /* Pods_serverchat.framework */; };
		A62D8C702016E48D001D1F6B /* NewMessageTableViewController.swift in Sources */ = {isa = PBXBuildFile; fileRef = A62D8C6F2016E48D001D1F6B /* NewMessageTableViewController.swift */; };
		A62D8C722016F5AB001D1F6B /* User.swift in Sources */ = {isa = PBXBuildFile; fileRef = A62D8C712016F5AB001D1F6B /* User.swift */; };
		A68855EE2018739000B14B52 /* UsersCell.swift in Sources */ = {isa = PBXBuildFile; fileRef = A68855ED2018739000B14B52 /* UsersCell.swift */; };
		A68855F020187E2800B14B52 /* Extensions.swift in Sources */ = {isa = PBXBuildFile; fileRef = A68855EF20187E2800B14B52 /* Extensions.swift */; };
		A68855F4201AE0C400B14B52 /* ServerChatController.swift in Sources */ = {isa = PBXBuildFile; fileRef = A68855F3201AE0C400B14B52 /* ServerChatController.swift */; };
		A693AB9F201C82BB00471BC2 /* Message.swift in Sources */ = {isa = PBXBuildFile; fileRef = A693AB9E201C82BB00471BC2 /* Message.swift */; };
		A6AE845520265F23005BCE83 /* JoinViewController.swift in Sources */ = {isa = PBXBuildFile; fileRef = A6AE845420265F23005BCE83 /* JoinViewController.swift */; };
		A6AE84572026700B005BCE83 /* JoinController+helpers.swift in Sources */ = {isa = PBXBuildFile; fileRef = A6AE84562026700B005BCE83 /* JoinController+helpers.swift */; };
		A6AE8463202A95F9005BCE83 /* SignInViewController.swift in Sources */ = {isa = PBXBuildFile; fileRef = A6AE8462202A95F9005BCE83 /* SignInViewController.swift */; };
		A6CE38B3201DF49600474FBC /* ServerChatCell.swift in Sources */ = {isa = PBXBuildFile; fileRef = A6CE38B2201DF49600474FBC /* ServerChatCell.swift */; };
		A6CE38B52025294400474FBC /* ServerChatInputContainerView.swift in Sources */ = {isa = PBXBuildFile; fileRef = A6CE38B42025294300474FBC /* ServerChatInputContainerView.swift */; };
		A6DA4BF7201441DB003522D4 /* AppDelegate.swift in Sources */ = {isa = PBXBuildFile; fileRef = A6DA4BF6201441DB003522D4 /* AppDelegate.swift */; };
		A6DA4BFE201441DB003522D4 /* Assets.xcassets in Resources */ = {isa = PBXBuildFile; fileRef = A6DA4BFD201441DB003522D4 /* Assets.xcassets */; };
		A6DA4C01201441DB003522D4 /* LaunchScreen.storyboard in Resources */ = {isa = PBXBuildFile; fileRef = A6DA4BFF201441DB003522D4 /* LaunchScreen.storyboard */; };
		A6DA4C0C201441DB003522D4 /* serverchatTests.swift in Sources */ = {isa = PBXBuildFile; fileRef = A6DA4C0B201441DB003522D4 /* serverchatTests.swift */; };
		A6DA4C17201441DC003522D4 /* serverchatUITests.swift in Sources */ = {isa = PBXBuildFile; fileRef = A6DA4C16201441DC003522D4 /* serverchatUITests.swift */; };
		A6DA4C2E20145193003522D4 /* MessageTableViewController.swift in Sources */ = {isa = PBXBuildFile; fileRef = A6DA4C2D20145193003522D4 /* MessageTableViewController.swift */; };
		A6DA4C3620149650003522D4 /* GoogleService-Info.plist in Resources */ = {isa = PBXBuildFile; fileRef = A6DA4C352014964F003522D4 /* GoogleService-Info.plist */; };
		A6F0B6D8202E61ED00FB98A1 /* EulaViewController.swift in Sources */ = {isa = PBXBuildFile; fileRef = A6F0B6D7202E61ED00FB98A1 /* EulaViewController.swift */; };
		A6F0B6DA202E652000FB98A1 /* EULA.swift in Sources */ = {isa = PBXBuildFile; fileRef = A6F0B6D9202E652000FB98A1 /* EULA.swift */; };
		A6FB3F9B2015E3AF00057EB4 /* StarterViewController.swift in Sources */ = {isa = PBXBuildFile; fileRef = A6FB3F9A2015E3AF00057EB4 /* StarterViewController.swift */; };
		AFF10AC65C08B7FD06FEACF8 /* Pods_serverchatTests.framework in Frameworks */ = {isa = PBXBuildFile; fileRef = 5A09DCD7B45EDA3C69DC23D4 /* Pods_serverchatTests.framework */; };
/* End PBXBuildFile section */

/* Begin PBXContainerItemProxy section */
		A6DA4C08201441DB003522D4 /* PBXContainerItemProxy */ = {
			isa = PBXContainerItemProxy;
			containerPortal = A6DA4BEB201441DB003522D4 /* Project object */;
			proxyType = 1;
			remoteGlobalIDString = A6DA4BF2201441DB003522D4;
			remoteInfo = serverchat;
		};
		A6DA4C13201441DC003522D4 /* PBXContainerItemProxy */ = {
			isa = PBXContainerItemProxy;
			containerPortal = A6DA4BEB201441DB003522D4 /* Project object */;
			proxyType = 1;
			remoteGlobalIDString = A6DA4BF2201441DB003522D4;
			remoteInfo = serverchat;
		};
/* End PBXContainerItemProxy section */

/* Begin PBXFileReference section */
		21CE74EB59533E06A2F24F64 /* Pods-serverchatTests.debug.xcconfig */ = {isa = PBXFileReference; includeInIndex = 1; lastKnownFileType = text.xcconfig; name = "Pods-serverchatTests.debug.xcconfig"; path = "Pods/Target Support Files/Pods-serverchatTests/Pods-serverchatTests.debug.xcconfig"; sourceTree = "<group>"; };
		28D2B97536680EB27214E14D /* Pods-serverchatUITests.debug.xcconfig */ = {isa = PBXFileReference; includeInIndex = 1; lastKnownFileType = text.xcconfig; name = "Pods-serverchatUITests.debug.xcconfig"; path = "Pods/Target Support Files/Pods-serverchatUITests/Pods-serverchatUITests.debug.xcconfig"; sourceTree = "<group>"; };
		298AAF8C45748D7F10552FF1 /* Pods_serverchatUITests.framework */ = {isa = PBXFileReference; explicitFileType = wrapper.framework; includeInIndex = 0; path = Pods_serverchatUITests.framework; sourceTree = BUILT_PRODUCTS_DIR; };
		5A09DCD7B45EDA3C69DC23D4 /* Pods_serverchatTests.framework */ = {isa = PBXFileReference; explicitFileType = wrapper.framework; includeInIndex = 0; path = Pods_serverchatTests.framework; sourceTree = BUILT_PRODUCTS_DIR; };
		686D6E295BD96E0986192359 /* Pods-serverchat.debug.xcconfig */ = {isa = PBXFileReference; includeInIndex = 1; lastKnownFileType = text.xcconfig; name = "Pods-serverchat.debug.xcconfig"; path = "Pods/Target Support Files/Pods-serverchat/Pods-serverchat.debug.xcconfig"; sourceTree = "<group>"; };
		982B28640A71600C27CB605C /* Pods-serverchatUITests.release.xcconfig */ = {isa = PBXFileReference; includeInIndex = 1; lastKnownFileType = text.xcconfig; name = "Pods-serverchatUITests.release.xcconfig"; path = "Pods/Target Support Files/Pods-serverchatUITests/Pods-serverchatUITests.release.xcconfig"; sourceTree = "<group>"; };
		A62D8C6F2016E48D001D1F6B /* NewMessageTableViewController.swift */ = {isa = PBXFileReference; lastKnownFileType = sourcecode.swift; path = NewMessageTableViewController.swift; sourceTree = "<group>"; };
		A62D8C712016F5AB001D1F6B /* User.swift */ = {isa = PBXFileReference; lastKnownFileType = sourcecode.swift; path = User.swift; sourceTree = "<group>"; };
		A68855ED2018739000B14B52 /* UsersCell.swift */ = {isa = PBXFileReference; lastKnownFileType = sourcecode.swift; path = UsersCell.swift; sourceTree = "<group>"; };
		A68855EF20187E2800B14B52 /* Extensions.swift */ = {isa = PBXFileReference; lastKnownFileType = sourcecode.swift; path = Extensions.swift; sourceTree = "<group>"; };
		A68855F3201AE0C400B14B52 /* ServerChatController.swift */ = {isa = PBXFileReference; lastKnownFileType = sourcecode.swift; path = ServerChatController.swift; sourceTree = "<group>"; };
		A693AB9E201C82BB00471BC2 /* Message.swift */ = {isa = PBXFileReference; lastKnownFileType = sourcecode.swift; path = Message.swift; sourceTree = "<group>"; };
		A6AE845420265F23005BCE83 /* JoinViewController.swift */ = {isa = PBXFileReference; lastKnownFileType = sourcecode.swift; path = JoinViewController.swift; sourceTree = "<group>"; };
		A6AE84562026700B005BCE83 /* JoinController+helpers.swift */ = {isa = PBXFileReference; lastKnownFileType = sourcecode.swift; path = "JoinController+helpers.swift"; sourceTree = "<group>"; };
		A6AE8462202A95F9005BCE83 /* SignInViewController.swift */ = {isa = PBXFileReference; lastKnownFileType = sourcecode.swift; path = SignInViewController.swift; sourceTree = "<group>"; };
		A6CE38B2201DF49600474FBC /* ServerChatCell.swift */ = {isa = PBXFileReference; lastKnownFileType = sourcecode.swift; path = ServerChatCell.swift; sourceTree = "<group>"; };
		A6CE38B42025294300474FBC /* ServerChatInputContainerView.swift */ = {isa = PBXFileReference; lastKnownFileType = sourcecode.swift; path = ServerChatInputContainerView.swift; sourceTree = "<group>"; };
		A6CE38B620253FAD00474FBC /* serverchat.entitlements */ = {isa = PBXFileReference; lastKnownFileType = text.plist.entitlements; path = serverchat.entitlements; sourceTree = "<group>"; };
		A6DA4BF3201441DB003522D4 /* serverchat.app */ = {isa = PBXFileReference; explicitFileType = wrapper.application; includeInIndex = 0; path = serverchat.app; sourceTree = BUILT_PRODUCTS_DIR; };
		A6DA4BF6201441DB003522D4 /* AppDelegate.swift */ = {isa = PBXFileReference; lastKnownFileType = sourcecode.swift; path = AppDelegate.swift; sourceTree = "<group>"; };
		A6DA4BFD201441DB003522D4 /* Assets.xcassets */ = {isa = PBXFileReference; lastKnownFileType = folder.assetcatalog; path = Assets.xcassets; sourceTree = "<group>"; };
		A6DA4C00201441DB003522D4 /* Base */ = {isa = PBXFileReference; lastKnownFileType = file.storyboard; name = Base; path = Base.lproj/LaunchScreen.storyboard; sourceTree = "<group>"; };
		A6DA4C02201441DB003522D4 /* Info.plist */ = {isa = PBXFileReference; lastKnownFileType = text.plist.xml; path = Info.plist; sourceTree = "<group>"; };
		A6DA4C07201441DB003522D4 /* serverchatTests.xctest */ = {isa = PBXFileReference; explicitFileType = wrapper.cfbundle; includeInIndex = 0; path = serverchatTests.xctest; sourceTree = BUILT_PRODUCTS_DIR; };
		A6DA4C0B201441DB003522D4 /* serverchatTests.swift */ = {isa = PBXFileReference; lastKnownFileType = sourcecode.swift; path = serverchatTests.swift; sourceTree = "<group>"; };
		A6DA4C0D201441DB003522D4 /* Info.plist */ = {isa = PBXFileReference; lastKnownFileType = text.plist.xml; path = Info.plist; sourceTree = "<group>"; };
		A6DA4C12201441DC003522D4 /* serverchatUITests.xctest */ = {isa = PBXFileReference; explicitFileType = wrapper.cfbundle; includeInIndex = 0; path = serverchatUITests.xctest; sourceTree = BUILT_PRODUCTS_DIR; };
		A6DA4C16201441DC003522D4 /* serverchatUITests.swift */ = {isa = PBXFileReference; lastKnownFileType = sourcecode.swift; path = serverchatUITests.swift; sourceTree = "<group>"; };
		A6DA4C18201441DC003522D4 /* Info.plist */ = {isa = PBXFileReference; lastKnownFileType = text.plist.xml; path = Info.plist; sourceTree = "<group>"; };
		A6DA4C2D20145193003522D4 /* MessageTableViewController.swift */ = {isa = PBXFileReference; lastKnownFileType = sourcecode.swift; path = MessageTableViewController.swift; sourceTree = "<group>"; };
		A6DA4C352014964F003522D4 /* GoogleService-Info.plist */ = {isa = PBXFileReference; fileEncoding = 4; lastKnownFileType = text.plist.xml; path = "GoogleService-Info.plist"; sourceTree = "<group>"; };
		A6F0B6D7202E61ED00FB98A1 /* EulaViewController.swift */ = {isa = PBXFileReference; lastKnownFileType = sourcecode.swift; path = EulaViewController.swift; sourceTree = "<group>"; };
		A6F0B6D9202E652000FB98A1 /* EULA.swift */ = {isa = PBXFileReference; lastKnownFileType = sourcecode.swift; path = EULA.swift; sourceTree = "<group>"; };
		A6FB3F9A2015E3AF00057EB4 /* StarterViewController.swift */ = {isa = PBXFileReference; lastKnownFileType = sourcecode.swift; path = StarterViewController.swift; sourceTree = "<group>"; };
		BAEB0D6353C31E2FC92AAB36 /* Pods-serverchatTests.release.xcconfig */ = {isa = PBXFileReference; includeInIndex = 1; lastKnownFileType = text.xcconfig; name = "Pods-serverchatTests.release.xcconfig"; path = "Pods/Target Support Files/Pods-serverchatTests/Pods-serverchatTests.release.xcconfig"; sourceTree = "<group>"; };
		F13D8072B299B7D1A3291AFC /* Pods-serverchat.release.xcconfig */ = {isa = PBXFileReference; includeInIndex = 1; lastKnownFileType = text.xcconfig; name = "Pods-serverchat.release.xcconfig"; path = "Pods/Target Support Files/Pods-serverchat/Pods-serverchat.release.xcconfig"; sourceTree = "<group>"; };
		FB95A1818F765A179FBD57FC /* Pods_serverchat.framework */ = {isa = PBXFileReference; explicitFileType = wrapper.framework; includeInIndex = 0; path = Pods_serverchat.framework; sourceTree = BUILT_PRODUCTS_DIR; };
/* End PBXFileReference section */

/* Begin PBXFrameworksBuildPhase section */
		A6DA4BF0201441DB003522D4 /* Frameworks */ = {
			isa = PBXFrameworksBuildPhase;
			buildActionMask = 2147483647;
			files = (
				72AF9AFC456EC10797676AA5 /* Pods_serverchat.framework in Frameworks */,
			);
			runOnlyForDeploymentPostprocessing = 0;
		};
		A6DA4C04201441DB003522D4 /* Frameworks */ = {
			isa = PBXFrameworksBuildPhase;
			buildActionMask = 2147483647;
			files = (
				AFF10AC65C08B7FD06FEACF8 /* Pods_serverchatTests.framework in Frameworks */,
			);
			runOnlyForDeploymentPostprocessing = 0;
		};
		A6DA4C0F201441DC003522D4 /* Frameworks */ = {
			isa = PBXFrameworksBuildPhase;
			buildActionMask = 2147483647;
			files = (
				15837BA7613D3710F5172D84 /* Pods_serverchatUITests.framework in Frameworks */,
			);
			runOnlyForDeploymentPostprocessing = 0;
		};
/* End PBXFrameworksBuildPhase section */

/* Begin PBXGroup section */
		21CBFBEF739B3604AF8DE716 /* Pods */ = {
			isa = PBXGroup;
			children = (
				686D6E295BD96E0986192359 /* Pods-serverchat.debug.xcconfig */,
				F13D8072B299B7D1A3291AFC /* Pods-serverchat.release.xcconfig */,
				21CE74EB59533E06A2F24F64 /* Pods-serverchatTests.debug.xcconfig */,
				BAEB0D6353C31E2FC92AAB36 /* Pods-serverchatTests.release.xcconfig */,
				28D2B97536680EB27214E14D /* Pods-serverchatUITests.debug.xcconfig */,
				982B28640A71600C27CB605C /* Pods-serverchatUITests.release.xcconfig */,
			);
			name = Pods;
			sourceTree = "<group>";
		};
		86C200538DFD60D91BD85C62 /* Frameworks */ = {
			isa = PBXGroup;
			children = (
				FB95A1818F765A179FBD57FC /* Pods_serverchat.framework */,
				5A09DCD7B45EDA3C69DC23D4 /* Pods_serverchatTests.framework */,
				298AAF8C45748D7F10552FF1 /* Pods_serverchatUITests.framework */,
			);
			name = Frameworks;
			sourceTree = "<group>";
		};
		A62D8C75201712AB001D1F6B /* Helpers */ = {
			isa = PBXGroup;
			children = (
				A6AE84562026700B005BCE83 /* JoinController+helpers.swift */,
				A68855EF20187E2800B14B52 /* Extensions.swift */,
			);
			path = Helpers;
			sourceTree = "<group>";
		};
		A6DA4BEA201441DB003522D4 = {
			isa = PBXGroup;
			children = (
				A6DA4BF5201441DB003522D4 /* serverchat */,
				A6DA4C0A201441DB003522D4 /* serverchatTests */,
				A6DA4C15201441DC003522D4 /* serverchatUITests */,
				A6DA4BF4201441DB003522D4 /* Products */,
				21CBFBEF739B3604AF8DE716 /* Pods */,
				86C200538DFD60D91BD85C62 /* Frameworks */,
			);
			sourceTree = "<group>";
		};
		A6DA4BF4201441DB003522D4 /* Products */ = {
			isa = PBXGroup;
			children = (
				A6DA4BF3201441DB003522D4 /* serverchat.app */,
				A6DA4C07201441DB003522D4 /* serverchatTests.xctest */,
				A6DA4C12201441DC003522D4 /* serverchatUITests.xctest */,
			);
			name = Products;
			sourceTree = "<group>";
		};
		A6DA4BF5201441DB003522D4 /* serverchat */ = {
			isa = PBXGroup;
			children = (
				A6CE38B620253FAD00474FBC /* serverchat.entitlements */,
				A6DA4BF6201441DB003522D4 /* AppDelegate.swift */,
				A6DA4C02201441DB003522D4 /* Info.plist */,
				A6DA4C352014964F003522D4 /* GoogleService-Info.plist */,
				A6DA4C262014422D003522D4 /* Model */,
				A6DA4C2720144233003522D4 /* Views */,
				A6DA4C2820144239003522D4 /* Controllers */,
				A62D8C75201712AB001D1F6B /* Helpers */,
			);
			path = serverchat;
			sourceTree = "<group>";
		};
		A6DA4C0A201441DB003522D4 /* serverchatTests */ = {
			isa = PBXGroup;
			children = (
				A6DA4C0B201441DB003522D4 /* serverchatTests.swift */,
				A6DA4C0D201441DB003522D4 /* Info.plist */,
			);
			path = serverchatTests;
			sourceTree = "<group>";
		};
		A6DA4C15201441DC003522D4 /* serverchatUITests */ = {
			isa = PBXGroup;
			children = (
				A6DA4C16201441DC003522D4 /* serverchatUITests.swift */,
				A6DA4C18201441DC003522D4 /* Info.plist */,
			);
			path = serverchatUITests;
			sourceTree = "<group>";
		};
		A6DA4C262014422D003522D4 /* Model */ = {
			isa = PBXGroup;
			children = (
				A6F0B6D9202E652000FB98A1 /* EULA.swift */,
				A62D8C712016F5AB001D1F6B /* User.swift */,
				A693AB9E201C82BB00471BC2 /* Message.swift */,
			);
			path = Model;
			sourceTree = "<group>";
		};
		A6DA4C2720144233003522D4 /* Views */ = {
			isa = PBXGroup;
			children = (
				A6DA4BFD201441DB003522D4 /* Assets.xcassets */,
				A6DA4BFF201441DB003522D4 /* LaunchScreen.storyboard */,
				A68855ED2018739000B14B52 /* UsersCell.swift */,
				A6CE38B2201DF49600474FBC /* ServerChatCell.swift */,
				A6CE38B42025294300474FBC /* ServerChatInputContainerView.swift */,
			);
			path = Views;
			sourceTree = "<group>";
		};
		A6DA4C2820144239003522D4 /* Controllers */ = {
			isa = PBXGroup;
			children = (
				A6FB3F9A2015E3AF00057EB4 /* StarterViewController.swift */,
				A6F0B6D7202E61ED00FB98A1 /* EulaViewController.swift */,
				A6AE8462202A95F9005BCE83 /* SignInViewController.swift */,
				A6AE845420265F23005BCE83 /* JoinViewController.swift */,
				A6DA4C2D20145193003522D4 /* MessageTableViewController.swift */,
				A62D8C6F2016E48D001D1F6B /* NewMessageTableViewController.swift */,
				A68855F3201AE0C400B14B52 /* ServerChatController.swift */,
			);
			path = Controllers;
			sourceTree = "<group>";
		};
/* End PBXGroup section */

/* Begin PBXNativeTarget section */
		A6DA4BF2201441DB003522D4 /* serverchat */ = {
			isa = PBXNativeTarget;
			buildConfigurationList = A6DA4C1B201441DC003522D4 /* Build configuration list for PBXNativeTarget "serverchat" */;
			buildPhases = (
				7AA530DE86B7C07A6559E812 /* [CP] Check Pods Manifest.lock */,
				A6DA4BEF201441DB003522D4 /* Sources */,
				A6DA4BF0201441DB003522D4 /* Frameworks */,
				A6DA4BF1201441DB003522D4 /* Resources */,
				C4AB6A59D330616438D18236 /* [CP] Embed Pods Frameworks */,
				5BDE6A75A1062EC13C968816 /* [CP] Copy Pods Resources */,
			);
			buildRules = (
			);
			dependencies = (
			);
			name = serverchat;
			productName = serverchat;
			productReference = A6DA4BF3201441DB003522D4 /* serverchat.app */;
			productType = "com.apple.product-type.application";
		};
		A6DA4C06201441DB003522D4 /* serverchatTests */ = {
			isa = PBXNativeTarget;
			buildConfigurationList = A6DA4C1E201441DC003522D4 /* Build configuration list for PBXNativeTarget "serverchatTests" */;
			buildPhases = (
				A37ACE1ACBF2121A2244C288 /* [CP] Check Pods Manifest.lock */,
				A6DA4C03201441DB003522D4 /* Sources */,
				A6DA4C04201441DB003522D4 /* Frameworks */,
				A6DA4C05201441DB003522D4 /* Resources */,
				11AFEC87538E5BB70E345085 /* [CP] Embed Pods Frameworks */,
				8B707C4636B1FB782B0D4852 /* [CP] Copy Pods Resources */,
			);
			buildRules = (
			);
			dependencies = (
				A6DA4C09201441DB003522D4 /* PBXTargetDependency */,
			);
			name = serverchatTests;
			productName = serverchatTests;
			productReference = A6DA4C07201441DB003522D4 /* serverchatTests.xctest */;
			productType = "com.apple.product-type.bundle.unit-test";
		};
		A6DA4C11201441DC003522D4 /* serverchatUITests */ = {
			isa = PBXNativeTarget;
			buildConfigurationList = A6DA4C21201441DC003522D4 /* Build configuration list for PBXNativeTarget "serverchatUITests" */;
			buildPhases = (
				1C9B36020FCAF0E9AA4F9FA4 /* [CP] Check Pods Manifest.lock */,
				A6DA4C0E201441DC003522D4 /* Sources */,
				A6DA4C0F201441DC003522D4 /* Frameworks */,
				A6DA4C10201441DC003522D4 /* Resources */,
				B82B6D37234124D20D59C0C5 /* [CP] Embed Pods Frameworks */,
				3818BEF116C919A8E129588E /* [CP] Copy Pods Resources */,
			);
			buildRules = (
			);
			dependencies = (
				A6DA4C14201441DC003522D4 /* PBXTargetDependency */,
			);
			name = serverchatUITests;
			productName = serverchatUITests;
			productReference = A6DA4C12201441DC003522D4 /* serverchatUITests.xctest */;
			productType = "com.apple.product-type.bundle.ui-testing";
		};
/* End PBXNativeTarget section */

/* Begin PBXProject section */
		A6DA4BEB201441DB003522D4 /* Project object */ = {
			isa = PBXProject;
			attributes = {
				LastSwiftUpdateCheck = 0920;
				LastUpgradeCheck = 0920;
				ORGANIZATIONNAME = "David Oliver Doswell";
				TargetAttributes = {
					A6DA4BF2201441DB003522D4 = {
						CreatedOnToolsVersion = 9.2;
						ProvisioningStyle = Automatic;
						SystemCapabilities = {
							com.apple.Keychain = {
								enabled = 1;
							};
							com.apple.Push = {
								enabled = 0;
							};
						};
					};
					A6DA4C06201441DB003522D4 = {
						CreatedOnToolsVersion = 9.2;
						ProvisioningStyle = Automatic;
						TestTargetID = A6DA4BF2201441DB003522D4;
					};
					A6DA4C11201441DC003522D4 = {
						CreatedOnToolsVersion = 9.2;
						ProvisioningStyle = Automatic;
						TestTargetID = A6DA4BF2201441DB003522D4;
					};
				};
			};
			buildConfigurationList = A6DA4BEE201441DB003522D4 /* Build configuration list for PBXProject "serverchat" */;
			compatibilityVersion = "Xcode 8.0";
			developmentRegion = en;
			hasScannedForEncodings = 0;
			knownRegions = (
				en,
				Base,
			);
			mainGroup = A6DA4BEA201441DB003522D4;
			productRefGroup = A6DA4BF4201441DB003522D4 /* Products */;
			projectDirPath = "";
			projectRoot = "";
			targets = (
				A6DA4BF2201441DB003522D4 /* serverchat */,
				A6DA4C06201441DB003522D4 /* serverchatTests */,
				A6DA4C11201441DC003522D4 /* serverchatUITests */,
			);
		};
/* End PBXProject section */

/* Begin PBXResourcesBuildPhase section */
		A6DA4BF1201441DB003522D4 /* Resources */ = {
			isa = PBXResourcesBuildPhase;
			buildActionMask = 2147483647;
			files = (
				A6DA4C3620149650003522D4 /* GoogleService-Info.plist in Resources */,
				A6DA4C01201441DB003522D4 /* LaunchScreen.storyboard in Resources */,
				A6DA4BFE201441DB003522D4 /* Assets.xcassets in Resources */,
			);
			runOnlyForDeploymentPostprocessing = 0;
		};
		A6DA4C05201441DB003522D4 /* Resources */ = {
			isa = PBXResourcesBuildPhase;
			buildActionMask = 2147483647;
			files = (
			);
			runOnlyForDeploymentPostprocessing = 0;
		};
		A6DA4C10201441DC003522D4 /* Resources */ = {
			isa = PBXResourcesBuildPhase;
			buildActionMask = 2147483647;
			files = (
			);
			runOnlyForDeploymentPostprocessing = 0;
		};
/* End PBXResourcesBuildPhase section */

/* Begin PBXShellScriptBuildPhase section */
		11AFEC87538E5BB70E345085 /* [CP] Embed Pods Frameworks */ = {
			isa = PBXShellScriptBuildPhase;
			buildActionMask = 2147483647;
			files = (
			);
			inputPaths = (
				"${SRCROOT}/Pods/Target Support Files/Pods-serverchatTests/Pods-serverchatTests-frameworks.sh",
				"${BUILT_PRODUCTS_DIR}/GTMSessionFetcher/GTMSessionFetcher.framework",
				"${BUILT_PRODUCTS_DIR}/GoogleToolboxForMac/GoogleToolboxForMac.framework",
				"${BUILT_PRODUCTS_DIR}/leveldb-library/leveldb.framework",
				"${BUILT_PRODUCTS_DIR}/nanopb/nanopb.framework",
			);
			name = "[CP] Embed Pods Frameworks";
			outputPaths = (
				"${TARGET_BUILD_DIR}/${FRAMEWORKS_FOLDER_PATH}/GTMSessionFetcher.framework",
				"${TARGET_BUILD_DIR}/${FRAMEWORKS_FOLDER_PATH}/GoogleToolboxForMac.framework",
				"${TARGET_BUILD_DIR}/${FRAMEWORKS_FOLDER_PATH}/leveldb.framework",
				"${TARGET_BUILD_DIR}/${FRAMEWORKS_FOLDER_PATH}/nanopb.framework",
			);
			runOnlyForDeploymentPostprocessing = 0;
			shellPath = /bin/sh;
			shellScript = "\"${SRCROOT}/Pods/Target Support Files/Pods-serverchatTests/Pods-serverchatTests-frameworks.sh\"\n";
			showEnvVarsInLog = 0;
		};
		1C9B36020FCAF0E9AA4F9FA4 /* [CP] Check Pods Manifest.lock */ = {
			isa = PBXShellScriptBuildPhase;
			buildActionMask = 2147483647;
			files = (
			);
			inputPaths = (
				"${PODS_PODFILE_DIR_PATH}/Podfile.lock",
				"${PODS_ROOT}/Manifest.lock",
			);
			name = "[CP] Check Pods Manifest.lock";
			outputPaths = (
				"$(DERIVED_FILE_DIR)/Pods-serverchatUITests-checkManifestLockResult.txt",
			);
			runOnlyForDeploymentPostprocessing = 0;
			shellPath = /bin/sh;
			shellScript = "diff \"${PODS_PODFILE_DIR_PATH}/Podfile.lock\" \"${PODS_ROOT}/Manifest.lock\" > /dev/null\nif [ $? != 0 ] ; then\n    # print error to STDERR\n    echo \"error: The sandbox is not in sync with the Podfile.lock. Run 'pod install' or update your CocoaPods installation.\" >&2\n    exit 1\nfi\n# This output is used by Xcode 'outputs' to avoid re-running this script phase.\necho \"SUCCESS\" > \"${SCRIPT_OUTPUT_FILE_0}\"\n";
			showEnvVarsInLog = 0;
		};
		3818BEF116C919A8E129588E /* [CP] Copy Pods Resources */ = {
			isa = PBXShellScriptBuildPhase;
			buildActionMask = 2147483647;
			files = (
			);
			inputPaths = (
			);
			name = "[CP] Copy Pods Resources";
			outputPaths = (
			);
			runOnlyForDeploymentPostprocessing = 0;
			shellPath = /bin/sh;
			shellScript = "\"${SRCROOT}/Pods/Target Support Files/Pods-serverchatUITests/Pods-serverchatUITests-resources.sh\"\n";
			showEnvVarsInLog = 0;
		};
		5BDE6A75A1062EC13C968816 /* [CP] Copy Pods Resources */ = {
			isa = PBXShellScriptBuildPhase;
			buildActionMask = 2147483647;
			files = (
			);
			inputPaths = (
			);
			name = "[CP] Copy Pods Resources";
			outputPaths = (
			);
			runOnlyForDeploymentPostprocessing = 0;
			shellPath = /bin/sh;
			shellScript = "\"${SRCROOT}/Pods/Target Support Files/Pods-serverchat/Pods-serverchat-resources.sh\"\n";
			showEnvVarsInLog = 0;
		};
		7AA530DE86B7C07A6559E812 /* [CP] Check Pods Manifest.lock */ = {
			isa = PBXShellScriptBuildPhase;
			buildActionMask = 2147483647;
			files = (
			);
			inputPaths = (
				"${PODS_PODFILE_DIR_PATH}/Podfile.lock",
				"${PODS_ROOT}/Manifest.lock",
			);
			name = "[CP] Check Pods Manifest.lock";
			outputPaths = (
				"$(DERIVED_FILE_DIR)/Pods-serverchat-checkManifestLockResult.txt",
			);
			runOnlyForDeploymentPostprocessing = 0;
			shellPath = /bin/sh;
			shellScript = "diff \"${PODS_PODFILE_DIR_PATH}/Podfile.lock\" \"${PODS_ROOT}/Manifest.lock\" > /dev/null\nif [ $? != 0 ] ; then\n    # print error to STDERR\n    echo \"error: The sandbox is not in sync with the Podfile.lock. Run 'pod install' or update your CocoaPods installation.\" >&2\n    exit 1\nfi\n# This output is used by Xcode 'outputs' to avoid re-running this script phase.\necho \"SUCCESS\" > \"${SCRIPT_OUTPUT_FILE_0}\"\n";
			showEnvVarsInLog = 0;
		};
		8B707C4636B1FB782B0D4852 /* [CP] Copy Pods Resources */ = {
			isa = PBXShellScriptBuildPhase;
			buildActionMask = 2147483647;
			files = (
			);
			inputPaths = (
			);
			name = "[CP] Copy Pods Resources";
			outputPaths = (
			);
			runOnlyForDeploymentPostprocessing = 0;
			shellPath = /bin/sh;
			shellScript = "\"${SRCROOT}/Pods/Target Support Files/Pods-serverchatTests/Pods-serverchatTests-resources.sh\"\n";
			showEnvVarsInLog = 0;
		};
		A37ACE1ACBF2121A2244C288 /* [CP] Check Pods Manifest.lock */ = {
			isa = PBXShellScriptBuildPhase;
			buildActionMask = 2147483647;
			files = (
			);
			inputPaths = (
				"${PODS_PODFILE_DIR_PATH}/Podfile.lock",
				"${PODS_ROOT}/Manifest.lock",
			);
			name = "[CP] Check Pods Manifest.lock";
			outputPaths = (
				"$(DERIVED_FILE_DIR)/Pods-serverchatTests-checkManifestLockResult.txt",
			);
			runOnlyForDeploymentPostprocessing = 0;
			shellPath = /bin/sh;
			shellScript = "diff \"${PODS_PODFILE_DIR_PATH}/Podfile.lock\" \"${PODS_ROOT}/Manifest.lock\" > /dev/null\nif [ $? != 0 ] ; then\n    # print error to STDERR\n    echo \"error: The sandbox is not in sync with the Podfile.lock. Run 'pod install' or update your CocoaPods installation.\" >&2\n    exit 1\nfi\n# This output is used by Xcode 'outputs' to avoid re-running this script phase.\necho \"SUCCESS\" > \"${SCRIPT_OUTPUT_FILE_0}\"\n";
			showEnvVarsInLog = 0;
		};
		B82B6D37234124D20D59C0C5 /* [CP] Embed Pods Frameworks */ = {
			isa = PBXShellScriptBuildPhase;
			buildActionMask = 2147483647;
			files = (
			);
			inputPaths = (
				"${SRCROOT}/Pods/Target Support Files/Pods-serverchatUITests/Pods-serverchatUITests-frameworks.sh",
				"${BUILT_PRODUCTS_DIR}/GTMSessionFetcher/GTMSessionFetcher.framework",
				"${BUILT_PRODUCTS_DIR}/GoogleToolboxForMac/GoogleToolboxForMac.framework",
				"${BUILT_PRODUCTS_DIR}/leveldb-library/leveldb.framework",
				"${BUILT_PRODUCTS_DIR}/nanopb/nanopb.framework",
			);
			name = "[CP] Embed Pods Frameworks";
			outputPaths = (
				"${TARGET_BUILD_DIR}/${FRAMEWORKS_FOLDER_PATH}/GTMSessionFetcher.framework",
				"${TARGET_BUILD_DIR}/${FRAMEWORKS_FOLDER_PATH}/GoogleToolboxForMac.framework",
				"${TARGET_BUILD_DIR}/${FRAMEWORKS_FOLDER_PATH}/leveldb.framework",
				"${TARGET_BUILD_DIR}/${FRAMEWORKS_FOLDER_PATH}/nanopb.framework",
			);
			runOnlyForDeploymentPostprocessing = 0;
			shellPath = /bin/sh;
			shellScript = "\"${SRCROOT}/Pods/Target Support Files/Pods-serverchatUITests/Pods-serverchatUITests-frameworks.sh\"\n";
			showEnvVarsInLog = 0;
		};
		C4AB6A59D330616438D18236 /* [CP] Embed Pods Frameworks */ = {
			isa = PBXShellScriptBuildPhase;
			buildActionMask = 2147483647;
			files = (
			);
			inputPaths = (
				"${SRCROOT}/Pods/Target Support Files/Pods-serverchat/Pods-serverchat-frameworks.sh",
				"${BUILT_PRODUCTS_DIR}/GTMSessionFetcher/GTMSessionFetcher.framework",
				"${BUILT_PRODUCTS_DIR}/GoogleToolboxForMac/GoogleToolboxForMac.framework",
				"${BUILT_PRODUCTS_DIR}/leveldb-library/leveldb.framework",
				"${BUILT_PRODUCTS_DIR}/nanopb/nanopb.framework",
			);
			name = "[CP] Embed Pods Frameworks";
			outputPaths = (
				"${TARGET_BUILD_DIR}/${FRAMEWORKS_FOLDER_PATH}/GTMSessionFetcher.framework",
				"${TARGET_BUILD_DIR}/${FRAMEWORKS_FOLDER_PATH}/GoogleToolboxForMac.framework",
				"${TARGET_BUILD_DIR}/${FRAMEWORKS_FOLDER_PATH}/leveldb.framework",
				"${TARGET_BUILD_DIR}/${FRAMEWORKS_FOLDER_PATH}/nanopb.framework",
			);
			runOnlyForDeploymentPostprocessing = 0;
			shellPath = /bin/sh;
			shellScript = "\"${SRCROOT}/Pods/Target Support Files/Pods-serverchat/Pods-serverchat-frameworks.sh\"\n";
			showEnvVarsInLog = 0;
		};
/* End PBXShellScriptBuildPhase section */

/* Begin PBXSourcesBuildPhase section */
		A6DA4BEF201441DB003522D4 /* Sources */ = {
			isa = PBXSourcesBuildPhase;
			buildActionMask = 2147483647;
			files = (
				A6AE8463202A95F9005BCE83 /* SignInViewController.swift in Sources */,
				A6DA4C2E20145193003522D4 /* MessageTableViewController.swift in Sources */,
				A68855F020187E2800B14B52 /* Extensions.swift in Sources */,
				A6FB3F9B2015E3AF00057EB4 /* StarterViewController.swift in Sources */,
				A62D8C702016E48D001D1F6B /* NewMessageTableViewController.swift in Sources */,
				A6CE38B3201DF49600474FBC /* ServerChatCell.swift in Sources */,
				A6AE845520265F23005BCE83 /* JoinViewController.swift in Sources */,
				A68855F4201AE0C400B14B52 /* ServerChatController.swift in Sources */,
				A693AB9F201C82BB00471BC2 /* Message.swift in Sources */,
				A68855EE2018739000B14B52 /* UsersCell.swift in Sources */,
				A6CE38B52025294400474FBC /* ServerChatInputContainerView.swift in Sources */,
				A6DA4BF7201441DB003522D4 /* AppDelegate.swift in Sources */,
				A6F0B6DA202E652000FB98A1 /* EULA.swift in Sources */,
				A6F0B6D8202E61ED00FB98A1 /* EulaViewController.swift in Sources */,
				A62D8C722016F5AB001D1F6B /* User.swift in Sources */,
				A6AE84572026700B005BCE83 /* JoinController+helpers.swift in Sources */,
			);
			runOnlyForDeploymentPostprocessing = 0;
		};
		A6DA4C03201441DB003522D4 /* Sources */ = {
			isa = PBXSourcesBuildPhase;
			buildActionMask = 2147483647;
			files = (
				A6DA4C0C201441DB003522D4 /* serverchatTests.swift in Sources */,
			);
			runOnlyForDeploymentPostprocessing = 0;
		};
		A6DA4C0E201441DC003522D4 /* Sources */ = {
			isa = PBXSourcesBuildPhase;
			buildActionMask = 2147483647;
			files = (
				A6DA4C17201441DC003522D4 /* serverchatUITests.swift in Sources */,
			);
			runOnlyForDeploymentPostprocessing = 0;
		};
/* End PBXSourcesBuildPhase section */

/* Begin PBXTargetDependency section */
		A6DA4C09201441DB003522D4 /* PBXTargetDependency */ = {
			isa = PBXTargetDependency;
			target = A6DA4BF2201441DB003522D4 /* serverchat */;
			targetProxy = A6DA4C08201441DB003522D4 /* PBXContainerItemProxy */;
		};
		A6DA4C14201441DC003522D4 /* PBXTargetDependency */ = {
			isa = PBXTargetDependency;
			target = A6DA4BF2201441DB003522D4 /* serverchat */;
			targetProxy = A6DA4C13201441DC003522D4 /* PBXContainerItemProxy */;
		};
/* End PBXTargetDependency section */

/* Begin PBXVariantGroup section */
		A6DA4BFF201441DB003522D4 /* LaunchScreen.storyboard */ = {
			isa = PBXVariantGroup;
			children = (
				A6DA4C00201441DB003522D4 /* Base */,
			);
			name = LaunchScreen.storyboard;
			sourceTree = "<group>";
		};
/* End PBXVariantGroup section */

/* Begin XCBuildConfiguration section */
		A6DA4C19201441DC003522D4 /* Debug */ = {
			isa = XCBuildConfiguration;
			buildSettings = {
				ALWAYS_SEARCH_USER_PATHS = NO;
				CLANG_ANALYZER_NONNULL = YES;
				CLANG_ANALYZER_NUMBER_OBJECT_CONVERSION = YES_AGGRESSIVE;
				CLANG_CXX_LANGUAGE_STANDARD = "gnu++14";
				CLANG_CXX_LIBRARY = "libc++";
				CLANG_ENABLE_MODULES = YES;
				CLANG_ENABLE_OBJC_ARC = YES;
				CLANG_WARN_BLOCK_CAPTURE_AUTORELEASING = YES;
				CLANG_WARN_BOOL_CONVERSION = YES;
				CLANG_WARN_COMMA = YES;
				CLANG_WARN_CONSTANT_CONVERSION = YES;
				CLANG_WARN_DIRECT_OBJC_ISA_USAGE = YES_ERROR;
				CLANG_WARN_DOCUMENTATION_COMMENTS = YES;
				CLANG_WARN_EMPTY_BODY = YES;
				CLANG_WARN_ENUM_CONVERSION = YES;
				CLANG_WARN_INFINITE_RECURSION = YES;
				CLANG_WARN_INT_CONVERSION = YES;
				CLANG_WARN_NON_LITERAL_NULL_CONVERSION = YES;
				CLANG_WARN_OBJC_LITERAL_CONVERSION = YES;
				CLANG_WARN_OBJC_ROOT_CLASS = YES_ERROR;
				CLANG_WARN_RANGE_LOOP_ANALYSIS = YES;
				CLANG_WARN_STRICT_PROTOTYPES = YES;
				CLANG_WARN_SUSPICIOUS_MOVE = YES;
				CLANG_WARN_UNGUARDED_AVAILABILITY = YES_AGGRESSIVE;
				CLANG_WARN_UNREACHABLE_CODE = YES;
				CLANG_WARN__DUPLICATE_METHOD_MATCH = YES;
				CODE_SIGN_IDENTITY = "iPhone Developer";
				COPY_PHASE_STRIP = NO;
				DEBUG_INFORMATION_FORMAT = dwarf;
				ENABLE_STRICT_OBJC_MSGSEND = YES;
				ENABLE_TESTABILITY = YES;
				GCC_C_LANGUAGE_STANDARD = gnu11;
				GCC_DYNAMIC_NO_PIC = NO;
				GCC_NO_COMMON_BLOCKS = YES;
				GCC_OPTIMIZATION_LEVEL = 0;
				GCC_PREPROCESSOR_DEFINITIONS = (
					"DEBUG=1",
					"$(inherited)",
				);
				GCC_WARN_64_TO_32_BIT_CONVERSION = YES;
				GCC_WARN_ABOUT_RETURN_TYPE = YES_ERROR;
				GCC_WARN_UNDECLARED_SELECTOR = YES;
				GCC_WARN_UNINITIALIZED_AUTOS = YES_AGGRESSIVE;
				GCC_WARN_UNUSED_FUNCTION = YES;
				GCC_WARN_UNUSED_VARIABLE = YES;
				IPHONEOS_DEPLOYMENT_TARGET = 11.2;
				MTL_ENABLE_DEBUG_INFO = YES;
				ONLY_ACTIVE_ARCH = YES;
				SDKROOT = iphoneos;
				SWIFT_ACTIVE_COMPILATION_CONDITIONS = DEBUG;
				SWIFT_OPTIMIZATION_LEVEL = "-Onone";
			};
			name = Debug;
		};
		A6DA4C1A201441DC003522D4 /* Release */ = {
			isa = XCBuildConfiguration;
			buildSettings = {
				ALWAYS_SEARCH_USER_PATHS = NO;
				CLANG_ANALYZER_NONNULL = YES;
				CLANG_ANALYZER_NUMBER_OBJECT_CONVERSION = YES_AGGRESSIVE;
				CLANG_CXX_LANGUAGE_STANDARD = "gnu++14";
				CLANG_CXX_LIBRARY = "libc++";
				CLANG_ENABLE_MODULES = YES;
				CLANG_ENABLE_OBJC_ARC = YES;
				CLANG_WARN_BLOCK_CAPTURE_AUTORELEASING = YES;
				CLANG_WARN_BOOL_CONVERSION = YES;
				CLANG_WARN_COMMA = YES;
				CLANG_WARN_CONSTANT_CONVERSION = YES;
				CLANG_WARN_DIRECT_OBJC_ISA_USAGE = YES_ERROR;
				CLANG_WARN_DOCUMENTATION_COMMENTS = YES;
				CLANG_WARN_EMPTY_BODY = YES;
				CLANG_WARN_ENUM_CONVERSION = YES;
				CLANG_WARN_INFINITE_RECURSION = YES;
				CLANG_WARN_INT_CONVERSION = YES;
				CLANG_WARN_NON_LITERAL_NULL_CONVERSION = YES;
				CLANG_WARN_OBJC_LITERAL_CONVERSION = YES;
				CLANG_WARN_OBJC_ROOT_CLASS = YES_ERROR;
				CLANG_WARN_RANGE_LOOP_ANALYSIS = YES;
				CLANG_WARN_STRICT_PROTOTYPES = YES;
				CLANG_WARN_SUSPICIOUS_MOVE = YES;
				CLANG_WARN_UNGUARDED_AVAILABILITY = YES_AGGRESSIVE;
				CLANG_WARN_UNREACHABLE_CODE = YES;
				CLANG_WARN__DUPLICATE_METHOD_MATCH = YES;
				CODE_SIGN_IDENTITY = "iPhone Developer";
				COPY_PHASE_STRIP = NO;
				DEBUG_INFORMATION_FORMAT = "dwarf-with-dsym";
				ENABLE_NS_ASSERTIONS = NO;
				ENABLE_STRICT_OBJC_MSGSEND = YES;
				GCC_C_LANGUAGE_STANDARD = gnu11;
				GCC_NO_COMMON_BLOCKS = YES;
				GCC_WARN_64_TO_32_BIT_CONVERSION = YES;
				GCC_WARN_ABOUT_RETURN_TYPE = YES_ERROR;
				GCC_WARN_UNDECLARED_SELECTOR = YES;
				GCC_WARN_UNINITIALIZED_AUTOS = YES_AGGRESSIVE;
				GCC_WARN_UNUSED_FUNCTION = YES;
				GCC_WARN_UNUSED_VARIABLE = YES;
				IPHONEOS_DEPLOYMENT_TARGET = 11.2;
				MTL_ENABLE_DEBUG_INFO = NO;
				SDKROOT = iphoneos;
				SWIFT_OPTIMIZATION_LEVEL = "-Owholemodule";
				VALIDATE_PRODUCT = YES;
			};
			name = Release;
		};
		A6DA4C1C201441DC003522D4 /* Debug */ = {
			isa = XCBuildConfiguration;
			baseConfigurationReference = 686D6E295BD96E0986192359 /* Pods-serverchat.debug.xcconfig */;
			buildSettings = {
				ASSETCATALOG_COMPILER_APPICON_NAME = AppIcon;
				CODE_SIGN_ENTITLEMENTS = serverchat/serverchat.entitlements;
				CODE_SIGN_STYLE = Automatic;
				DEVELOPMENT_TEAM = 583SEL8QQU;
				INFOPLIST_FILE = serverchat/Info.plist;
				LD_RUNPATH_SEARCH_PATHS = "$(inherited) @executable_path/Frameworks";
				PRODUCT_BUNDLE_IDENTIFIER = com.serverchat;
				PRODUCT_NAME = "$(TARGET_NAME)";
				SWIFT_VERSION = 4.0;
				TARGETED_DEVICE_FAMILY = 1;
			};
			name = Debug;
		};
		A6DA4C1D201441DC003522D4 /* Release */ = {
			isa = XCBuildConfiguration;
			baseConfigurationReference = F13D8072B299B7D1A3291AFC /* Pods-serverchat.release.xcconfig */;
			buildSettings = {
				ASSETCATALOG_COMPILER_APPICON_NAME = AppIcon;
				CODE_SIGN_ENTITLEMENTS = serverchat/serverchat.entitlements;
				CODE_SIGN_STYLE = Automatic;
				DEVELOPMENT_TEAM = 583SEL8QQU;
				INFOPLIST_FILE = serverchat/Info.plist;
				LD_RUNPATH_SEARCH_PATHS = "$(inherited) @executable_path/Frameworks";
				PRODUCT_BUNDLE_IDENTIFIER = com.serverchat;
				PRODUCT_NAME = "$(TARGET_NAME)";
				SWIFT_VERSION = 4.0;
				TARGETED_DEVICE_FAMILY = 1;
			};
			name = Release;
		};
		A6DA4C1F201441DC003522D4 /* Debug */ = {
			isa = XCBuildConfiguration;
			baseConfigurationReference = 21CE74EB59533E06A2F24F64 /* Pods-serverchatTests.debug.xcconfig */;
			buildSettings = {
				ALWAYS_EMBED_SWIFT_STANDARD_LIBRARIES = YES;
				BUNDLE_LOADER = "$(TEST_HOST)";
				CODE_SIGN_STYLE = Automatic;
				DEVELOPMENT_TEAM = 583SEL8QQU;
				INFOPLIST_FILE = serverchatTests/Info.plist;
				LD_RUNPATH_SEARCH_PATHS = "$(inherited) @executable_path/Frameworks @loader_path/Frameworks";
				PRODUCT_BUNDLE_IDENTIFIER = com.serverchatTests;
				PRODUCT_NAME = "$(TARGET_NAME)";
				SWIFT_VERSION = 4.0;
				TARGETED_DEVICE_FAMILY = "1,2";
				TEST_HOST = "$(BUILT_PRODUCTS_DIR)/serverchat.app/serverchat";
			};
			name = Debug;
		};
		A6DA4C20201441DC003522D4 /* Release */ = {
			isa = XCBuildConfiguration;
			baseConfigurationReference = BAEB0D6353C31E2FC92AAB36 /* Pods-serverchatTests.release.xcconfig */;
			buildSettings = {
				ALWAYS_EMBED_SWIFT_STANDARD_LIBRARIES = YES;
				BUNDLE_LOADER = "$(TEST_HOST)";
				CODE_SIGN_STYLE = Automatic;
				DEVELOPMENT_TEAM = 583SEL8QQU;
				INFOPLIST_FILE = serverchatTests/Info.plist;
				LD_RUNPATH_SEARCH_PATHS = "$(inherited) @executable_path/Frameworks @loader_path/Frameworks";
				PRODUCT_BUNDLE_IDENTIFIER = com.serverchatTests;
				PRODUCT_NAME = "$(TARGET_NAME)";
				SWIFT_VERSION = 4.0;
				TARGETED_DEVICE_FAMILY = "1,2";
				TEST_HOST = "$(BUILT_PRODUCTS_DIR)/serverchat.app/serverchat";
			};
			name = Release;
		};
		A6DA4C22201441DC003522D4 /* Debug */ = {
			isa = XCBuildConfiguration;
			baseConfigurationReference = 28D2B97536680EB27214E14D /* Pods-serverchatUITests.debug.xcconfig */;
			buildSettings = {
				ALWAYS_EMBED_SWIFT_STANDARD_LIBRARIES = YES;
				CODE_SIGN_STYLE = Automatic;
				DEVELOPMENT_TEAM = 583SEL8QQU;
				INFOPLIST_FILE = serverchatUITests/Info.plist;
				LD_RUNPATH_SEARCH_PATHS = "$(inherited) @executable_path/Frameworks @loader_path/Frameworks";
				PRODUCT_BUNDLE_IDENTIFIER = com.serverchatUITests;
				PRODUCT_NAME = "$(TARGET_NAME)";
				SWIFT_VERSION = 4.0;
				TARGETED_DEVICE_FAMILY = "1,2";
				TEST_TARGET_NAME = serverchat;
			};
			name = Debug;
		};
		A6DA4C23201441DC003522D4 /* Release */ = {
			isa = XCBuildConfiguration;
			baseConfigurationReference = 982B28640A71600C27CB605C /* Pods-serverchatUITests.release.xcconfig */;
			buildSettings = {
				ALWAYS_EMBED_SWIFT_STANDARD_LIBRARIES = YES;
				CODE_SIGN_STYLE = Automatic;
				DEVELOPMENT_TEAM = 583SEL8QQU;
				INFOPLIST_FILE = serverchatUITests/Info.plist;
				LD_RUNPATH_SEARCH_PATHS = "$(inherited) @executable_path/Frameworks @loader_path/Frameworks";
				PRODUCT_BUNDLE_IDENTIFIER = com.serverchatUITests;
				PRODUCT_NAME = "$(TARGET_NAME)";
				SWIFT_VERSION = 4.0;
				TARGETED_DEVICE_FAMILY = "1,2";
				TEST_TARGET_NAME = serverchat;
			};
			name = Release;
		};
/* End XCBuildConfiguration section */

/* Begin XCConfigurationList section */
		A6DA4BEE201441DB003522D4 /* Build configuration list for PBXProject "serverchat" */ = {
			isa = XCConfigurationList;
			buildConfigurations = (
				A6DA4C19201441DC003522D4 /* Debug */,
				A6DA4C1A201441DC003522D4 /* Release */,
			);
			defaultConfigurationIsVisible = 0;
			defaultConfigurationName = Release;
		};
		A6DA4C1B201441DC003522D4 /* Build configuration list for PBXNativeTarget "serverchat" */ = {
			isa = XCConfigurationList;
			buildConfigurations = (
				A6DA4C1C201441DC003522D4 /* Debug */,
				A6DA4C1D201441DC003522D4 /* Release */,
			);
			defaultConfigurationIsVisible = 0;
			defaultConfigurationName = Release;
		};
		A6DA4C1E201441DC003522D4 /* Build configuration list for PBXNativeTarget "serverchatTests" */ = {
			isa = XCConfigurationList;
			buildConfigurations = (
				A6DA4C1F201441DC003522D4 /* Debug */,
				A6DA4C20201441DC003522D4 /* Release */,
			);
			defaultConfigurationIsVisible = 0;
			defaultConfigurationName = Release;
		};
		A6DA4C21201441DC003522D4 /* Build configuration list for PBXNativeTarget "serverchatUITests" */ = {
			isa = XCConfigurationList;
			buildConfigurations = (
				A6DA4C22201441DC003522D4 /* Debug */,
				A6DA4C23201441DC003522D4 /* Release */,
			);
			defaultConfigurationIsVisible = 0;
			defaultConfigurationName = Release;
		};
/* End XCConfigurationList section */
	};
	rootObject = A6DA4BEB201441DB003522D4 /* Project object */;
}
